
Microsoft Visual Studio Solution File, Format Version 12.00
# Visual Studio Version 16
VisualStudioVersion = 16.0.30320.27
MinimumVisualStudioVersion = 10.0.40219.1
Project("{FAE04EC0-301F-11D3-BF4B-00C04F79EFBC}") = "binaryfileread", "binaryfileread\binaryfileread.csproj", "{B768AEF4-63AD-48CB-9DFB-B72072283708}"
EndProject
Global
	GlobalSection(SolutionConfigurationPlatforms) = preSolution
		Debug|Any CPU = Debug|Any CPU
		Release|Any CPU = Release|Any CPU
	EndGlobalSection
	GlobalSection(ProjectConfigurationPlatforms) = postSolution
		{B768AEF4-63AD-48CB-9DFB-B72072283708}.Debug|Any CPU.ActiveCfg = Debug|Any CPU
		{B768AEF4-63AD-48CB-9DFB-B72072283708}.Debug|Any CPU.Build.0 = Debug|Any CPU
		{B768AEF4-63AD-48CB-9DFB-B72072283708}.Release|Any CPU.ActiveCfg = Release|Any CPU
		{B768AEF4-63AD-48CB-9DFB-B72072283708}.Release|Any CPU.Build.0 = Release|Any CPU
	EndGlobalSection
	GlobalSection(SolutionProperties) = preSolution
		HideSolutionNode = FALSE
	EndGlobalSection
	GlobalSection(ExtensibilityGlobals) = postSolution
		SolutionGuid = {1DF027F2-32BF-4823-B431-D519A1AD7494}
	EndGlobalSection
EndGlobal
